// !$*UTF8*$!
{
	archiveVersion = 1;
	classes = {
	};
	objectVersion = 50;
	objects = {

/* Begin PBXBuildFile section */
		682A2DB421B6AF38001C7D36 /* AppDelegate.swift in Sources */ = {isa = PBXBuildFile; fileRef = 682A2DB321B6AF38001C7D36 /* AppDelegate.swift */; };
		682A2DB621B6AF38001C7D36 /* ViewController.swift in Sources */ = {isa = PBXBuildFile; fileRef = 682A2DB521B6AF38001C7D36 /* ViewController.swift */; };
		682A2DB921B6AF38001C7D36 /* Main.storyboard in Resources */ = {isa = PBXBuildFile; fileRef = 682A2DB721B6AF38001C7D36 /* Main.storyboard */; };
		682A2DBB21B6AF3A001C7D36 /* Assets.xcassets in Resources */ = {isa = PBXBuildFile; fileRef = 682A2DBA21B6AF3A001C7D36 /* Assets.xcassets */; };
		682A2DBE21B6AF3A001C7D36 /* LaunchScreen.storyboard in Resources */ = {isa = PBXBuildFile; fileRef = 682A2DBC21B6AF3A001C7D36 /* LaunchScreen.storyboard */; };
		682A2DC921B6AF3A001C7D36 /* Wizely_ios_Task_1Tests.swift in Sources */ = {isa = PBXBuildFile; fileRef = 682A2DC821B6AF3A001C7D36 /* Wizely_ios_Task_1Tests.swift */; };
		682A2DD421B6AF3A001C7D36 /* Wizely_ios_Task_1UITests.swift in Sources */ = {isa = PBXBuildFile; fileRef = 682A2DD321B6AF3A001C7D36 /* Wizely_ios_Task_1UITests.swift */; };
/* End PBXBuildFile section */

/* Begin PBXContainerItemProxy section */
		682A2DC521B6AF3A001C7D36 /* PBXContainerItemProxy */ = {
			isa = PBXContainerItemProxy;
			containerPortal = 682A2DA821B6AF38001C7D36 /* Project object */;
			proxyType = 1;
			remoteGlobalIDString = 682A2DAF21B6AF38001C7D36;
			remoteInfo = "Wizely ios Task 1";
		};
		682A2DD021B6AF3A001C7D36 /* PBXContainerItemProxy */ = {
			isa = PBXContainerItemProxy;
			containerPortal = 682A2DA821B6AF38001C7D36 /* Project object */;
			proxyType = 1;
			remoteGlobalIDString = 682A2DAF21B6AF38001C7D36;
			remoteInfo = "Wizely ios Task 1";
		};
/* End PBXContainerItemProxy section */

/* Begin PBXFileReference section */
		682A2DB021B6AF38001C7D36 /* Wizely ios Task 1.app */ = {isa = PBXFileReference; explicitFileType = wrapper.application; includeInIndex = 0; path = "Wizely ios Task 1.app"; sourceTree = BUILT_PRODUCTS_DIR; };
		682A2DB321B6AF38001C7D36 /* AppDelegate.swift */ = {isa = PBXFileReference; lastKnownFileType = sourcecode.swift; path = AppDelegate.swift; sourceTree = "<group>"; };
		682A2DB521B6AF38001C7D36 /* ViewController.swift */ = {isa = PBXFileReference; lastKnownFileType = sourcecode.swift; path = ViewController.swift; sourceTree = "<group>"; };
		682A2DB821B6AF38001C7D36 /* Base */ = {isa = PBXFileReference; lastKnownFileType = file.storyboard; name = Base; path = Base.lproj/Main.storyboard; sourceTree = "<group>"; };
		682A2DBA21B6AF3A001C7D36 /* Assets.xcassets */ = {isa = PBXFileReference; lastKnownFileType = folder.assetcatalog; path = Assets.xcassets; sourceTree = "<group>"; };
		682A2DBD21B6AF3A001C7D36 /* Base */ = {isa = PBXFileReference; lastKnownFileType = file.storyboard; name = Base; path = Base.lproj/LaunchScreen.storyboard; sourceTree = "<group>"; };
		682A2DBF21B6AF3A001C7D36 /* Info.plist */ = {isa = PBXFileReference; lastKnownFileType = text.plist.xml; path = Info.plist; sourceTree = "<group>"; };
		682A2DC421B6AF3A001C7D36 /* Wizely ios Task 1Tests.xctest */ = {isa = PBXFileReference; explicitFileType = wrapper.cfbundle; includeInIndex = 0; path = "Wizely ios Task 1Tests.xctest"; sourceTree = BUILT_PRODUCTS_DIR; };
		682A2DC821B6AF3A001C7D36 /* Wizely_ios_Task_1Tests.swift */ = {isa = PBXFileReference; lastKnownFileType = sourcecode.swift; path = Wizely_ios_Task_1Tests.swift; sourceTree = "<group>"; };
		682A2DCA21B6AF3A001C7D36 /* Info.plist */ = {isa = PBXFileReference; lastKnownFileType = text.plist.xml; path = Info.plist; sourceTree = "<group>"; };
		682A2DCF21B6AF3A001C7D36 /* Wizely ios Task 1UITests.xctest */ = {isa = PBXFileReference; explicitFileType = wrapper.cfbundle; includeInIndex = 0; path = "Wizely ios Task 1UITests.xctest"; sourceTree = BUILT_PRODUCTS_DIR; };
		682A2DD321B6AF3A001C7D36 /* Wizely_ios_Task_1UITests.swift */ = {isa = PBXFileReference; lastKnownFileType = sourcecode.swift; path = Wizely_ios_Task_1UITests.swift; sourceTree = "<group>"; };
		682A2DD521B6AF3A001C7D36 /* Info.plist */ = {isa = PBXFileReference; lastKnownFileType = text.plist.xml; path = Info.plist; sourceTree = "<group>"; };
/* End PBXFileReference section */

/* Begin PBXFrameworksBuildPhase section */
		682A2DAD21B6AF38001C7D36 /* Frameworks */ = {
			isa = PBXFrameworksBuildPhase;
			buildActionMask = 2147483647;
			files = (
			);
			runOnlyForDeploymentPostprocessing = 0;
		};
		682A2DC121B6AF3A001C7D36 /* Frameworks */ = {
			isa = PBXFrameworksBuildPhase;
			buildActionMask = 2147483647;
			files = (
			);
			runOnlyForDeploymentPostprocessing = 0;
		};
		682A2DCC21B6AF3A001C7D36 /* Frameworks */ = {
			isa = PBXFrameworksBuildPhase;
			buildActionMask = 2147483647;
			files = (
			);
			runOnlyForDeploymentPostprocessing = 0;
		};
/* End PBXFrameworksBuildPhase section */

/* Begin PBXGroup section */
		682A2DA721B6AF38001C7D36 = {
			isa = PBXGroup;
			children = (
				682A2DB221B6AF38001C7D36 /* Wizely ios Task 1 */,
				682A2DC721B6AF3A001C7D36 /* Wizely ios Task 1Tests */,
				682A2DD221B6AF3A001C7D36 /* Wizely ios Task 1UITests */,
				682A2DB121B6AF38001C7D36 /* Products */,
			);
			sourceTree = "<group>";
		};
		682A2DB121B6AF38001C7D36 /* Products */ = {
			isa = PBXGroup;
			children = (
				682A2DB021B6AF38001C7D36 /* Wizely ios Task 1.app */,
				682A2DC421B6AF3A001C7D36 /* Wizely ios Task 1Tests.xctest */,
				682A2DCF21B6AF3A001C7D36 /* Wizely ios Task 1UITests.xctest */,
			);
			name = Products;
			sourceTree = "<group>";
		};
		682A2DB221B6AF38001C7D36 /* Wizely ios Task 1 */ = {
			isa = PBXGroup;
			children = (
				682A2DB321B6AF38001C7D36 /* AppDelegate.swift */,
				682A2DB521B6AF38001C7D36 /* ViewController.swift */,
				682A2DB721B6AF38001C7D36 /* Main.storyboard */,
				682A2DBA21B6AF3A001C7D36 /* Assets.xcassets */,
				682A2DBC21B6AF3A001C7D36 /* LaunchScreen.storyboard */,
				682A2DBF21B6AF3A001C7D36 /* Info.plist */,
			);
			path = "Wizely ios Task 1";
			sourceTree = "<group>";
		};
		682A2DC721B6AF3A001C7D36 /* Wizely ios Task 1Tests */ = {
			isa = PBXGroup;
			children = (
				682A2DC821B6AF3A001C7D36 /* Wizely_ios_Task_1Tests.swift */,
				682A2DCA21B6AF3A001C7D36 /* Info.plist */,
			);
			path = "Wizely ios Task 1Tests";
			sourceTree = "<group>";
		};
		682A2DD221B6AF3A001C7D36 /* Wizely ios Task 1UITests */ = {
			isa = PBXGroup;
			children = (
				682A2DD321B6AF3A001C7D36 /* Wizely_ios_Task_1UITests.swift */,
				682A2DD521B6AF3A001C7D36 /* Info.plist */,
			);
			path = "Wizely ios Task 1UITests";
			sourceTree = "<group>";
		};
/* End PBXGroup section */

/* Begin PBXNativeTarget section */
		682A2DAF21B6AF38001C7D36 /* Wizely ios Task 1 */ = {
			isa = PBXNativeTarget;
			buildConfigurationList = 682A2DD821B6AF3A001C7D36 /* Build configuration list for PBXNativeTarget "Wizely ios Task 1" */;
			buildPhases = (
				682A2DAC21B6AF38001C7D36 /* Sources */,
				682A2DAD21B6AF38001C7D36 /* Frameworks */,
				682A2DAE21B6AF38001C7D36 /* Resources */,
			);
			buildRules = (
			);
			dependencies = (
			);
			name = "Wizely ios Task 1";
			productName = "Wizely ios Task 1";
			productReference = 682A2DB021B6AF38001C7D36 /* Wizely ios Task 1.app */;
			productType = "com.apple.product-type.application";
		};
		682A2DC321B6AF3A001C7D36 /* Wizely ios Task 1Tests */ = {
			isa = PBXNativeTarget;
			buildConfigurationList = 682A2DDB21B6AF3A001C7D36 /* Build configuration list for PBXNativeTarget "Wizely ios Task 1Tests" */;
			buildPhases = (
				682A2DC021B6AF3A001C7D36 /* Sources */,
				682A2DC121B6AF3A001C7D36 /* Frameworks */,
				682A2DC221B6AF3A001C7D36 /* Resources */,
			);
			buildRules = (
			);
			dependencies = (
				682A2DC621B6AF3A001C7D36 /* PBXTargetDependency */,
			);
			name = "Wizely ios Task 1Tests";
			productName = "Wizely ios Task 1Tests";
			productReference = 682A2DC421B6AF3A001C7D36 /* Wizely ios Task 1Tests.xctest */;
			productType = "com.apple.product-type.bundle.unit-test";
		};
		682A2DCE21B6AF3A001C7D36 /* Wizely ios Task 1UITests */ = {
			isa = PBXNativeTarget;
			buildConfigurationList = 682A2DDE21B6AF3A001C7D36 /* Build configuration list for PBXNativeTarget "Wizely ios Task 1UITests" */;
			buildPhases = (
				682A2DCB21B6AF3A001C7D36 /* Sources */,
				682A2DCC21B6AF3A001C7D36 /* Frameworks */,
				682A2DCD21B6AF3A001C7D36 /* Resources */,
			);
			buildRules = (
			);
			dependencies = (
				682A2DD121B6AF3A001C7D36 /* PBXTargetDependency */,
			);
			name = "Wizely ios Task 1UITests";
			productName = "Wizely ios Task 1UITests";
			productReference = 682A2DCF21B6AF3A001C7D36 /* Wizely ios Task 1UITests.xctest */;
			productType = "com.apple.product-type.bundle.ui-testing";
		};
/* End PBXNativeTarget section */

/* Begin PBXProject section */
		682A2DA821B6AF38001C7D36 /* Project object */ = {
			isa = PBXProject;
			attributes = {
				LastSwiftUpdateCheck = 1000;
				LastUpgradeCheck = 1000;
				ORGANIZATIONNAME = Sudeepasa;
				TargetAttributes = {
					682A2DAF21B6AF38001C7D36 = {
						CreatedOnToolsVersion = 10.0;
					};
					682A2DC321B6AF3A001C7D36 = {
						CreatedOnToolsVersion = 10.0;
						TestTargetID = 682A2DAF21B6AF38001C7D36;
					};
					682A2DCE21B6AF3A001C7D36 = {
						CreatedOnToolsVersion = 10.0;
						TestTargetID = 682A2DAF21B6AF38001C7D36;
					};
				};
			};
			buildConfigurationList = 682A2DAB21B6AF38001C7D36 /* Build configuration list for PBXProject "Wizely ios Task 1" */;
			compatibilityVersion = "Xcode 9.3";
			developmentRegion = en;
			hasScannedForEncodings = 0;
			knownRegions = (
				en,
				Base,
			);
			mainGroup = 682A2DA721B6AF38001C7D36;
			productRefGroup = 682A2DB121B6AF38001C7D36 /* Products */;
			projectDirPath = "";
			projectRoot = "";
			targets = (
				682A2DAF21B6AF38001C7D36 /* Wizely ios Task 1 */,
				682A2DC321B6AF3A001C7D36 /* Wizely ios Task 1Tests */,
				682A2DCE21B6AF3A001C7D36 /* Wizely ios Task 1UITests */,
			);
		};
/* End PBXProject section */

/* Begin PBXResourcesBuildPhase section */
		682A2DAE21B6AF38001C7D36 /* Resources */ = {
			isa = PBXResourcesBuildPhase;
			buildActionMask = 2147483647;
			files = (
				682A2DBE21B6AF3A001C7D36 /* LaunchScreen.storyboard in Resources */,
				682A2DBB21B6AF3A001C7D36 /* Assets.xcassets in Resources */,
				682A2DB921B6AF38001C7D36 /* Main.storyboard in Resources */,
			);
			runOnlyForDeploymentPostprocessing = 0;
		};
		682A2DC221B6AF3A001C7D36 /* Resources */ = {
			isa = PBXResourcesBuildPhase;
			buildActionMask = 2147483647;
			files = (
			);
			runOnlyForDeploymentPostprocessing = 0;
		};
		682A2DCD21B6AF3A001C7D36 /* Resources */ = {
			isa = PBXResourcesBuildPhase;
			buildActionMask = 2147483647;
			files = (
			);
			runOnlyForDeploymentPostprocessing = 0;
		};
/* End PBXResourcesBuildPhase section */

/* Begin PBXSourcesBuildPhase section */
		682A2DAC21B6AF38001C7D36 /* Sources */ = {
			isa = PBXSourcesBuildPhase;
			buildActionMask = 2147483647;
			files = (
				682A2DB621B6AF38001C7D36 /* ViewController.swift in Sources */,
				682A2DB421B6AF38001C7D36 /* AppDelegate.swift in Sources */,
			);
			runOnlyForDeploymentPostprocessing = 0;
		};
		682A2DC021B6AF3A001C7D36 /* Sources */ = {
			isa = PBXSourcesBuildPhase;
			buildActionMask = 2147483647;
			files = (
				682A2DC921B6AF3A001C7D36 /* Wizely_ios_Task_1Tests.swift in Sources */,
			);
			runOnlyForDeploymentPostprocessing = 0;
		};
		682A2DCB21B6AF3A001C7D36 /* Sources */ = {
			isa = PBXSourcesBuildPhase;
			buildActionMask = 2147483647;
			files = (
				682A2DD421B6AF3A001C7D36 /* Wizely_ios_Task_1UITests.swift in Sources */,
			);
			runOnlyForDeploymentPostprocessing = 0;
		};
/* End PBXSourcesBuildPhase section */

/* Begin PBXTargetDependency section */
		682A2DC621B6AF3A001C7D36 /* PBXTargetDependency */ = {
			isa = PBXTargetDependency;
			target = 682A2DAF21B6AF38001C7D36 /* Wizely ios Task 1 */;
			targetProxy = 682A2DC521B6AF3A001C7D36 /* PBXContainerItemProxy */;
		};
		682A2DD121B6AF3A001C7D36 /* PBXTargetDependency */ = {
			isa = PBXTargetDependency;
			target = 682A2DAF21B6AF38001C7D36 /* Wizely ios Task 1 */;
			targetProxy = 682A2DD021B6AF3A001C7D36 /* PBXContainerItemProxy */;
		};
/* End PBXTargetDependency section */

/* Begin PBXVariantGroup section */
		682A2DB721B6AF38001C7D36 /* Main.storyboard */ = {
			isa = PBXVariantGroup;
			children = (
				682A2DB821B6AF38001C7D36 /* Base */,
			);
			name = Main.storyboard;
			sourceTree = "<group>";
		};
		682A2DBC21B6AF3A001C7D36 /* LaunchScreen.storyboard */ = {
			isa = PBXVariantGroup;
			children = (
				682A2DBD21B6AF3A001C7D36 /* Base */,
			);
			name = LaunchScreen.storyboard;
			sourceTree = "<group>";
		};
/* End PBXVariantGroup section */

/* Begin XCBuildConfiguration section */
		682A2DD621B6AF3A001C7D36 /* Debug */ = {
			isa = XCBuildConfiguration;
			buildSettings = {
				ALWAYS_SEARCH_USER_PATHS = NO;
				CLANG_ANALYZER_NONNULL = YES;
				CLANG_ANALYZER_NUMBER_OBJECT_CONVERSION = YES_AGGRESSIVE;
				CLANG_CXX_LANGUAGE_STANDARD = "gnu++14";
				CLANG_CXX_LIBRARY = "libc++";
				CLANG_ENABLE_MODULES = YES;
				CLANG_ENABLE_OBJC_ARC = YES;
				CLANG_ENABLE_OBJC_WEAK = YES;
				CLANG_WARN_BLOCK_CAPTURE_AUTORELEASING = YES;
				CLANG_WARN_BOOL_CONVERSION = YES;
				CLANG_WARN_COMMA = YES;
				CLANG_WARN_CONSTANT_CONVERSION = YES;
				CLANG_WARN_DEPRECATED_OBJC_IMPLEMENTATIONS = YES;
				CLANG_WARN_DIRECT_OBJC_ISA_USAGE = YES_ERROR;
				CLANG_WARN_DOCUMENTATION_COMMENTS = YES;
				CLANG_WARN_EMPTY_BODY = YES;
				CLANG_WARN_ENUM_CONVERSION = YES;
				CLANG_WARN_INFINITE_RECURSION = YES;
				CLANG_WARN_INT_CONVERSION = YES;
				CLANG_WARN_NON_LITERAL_NULL_CONVERSION = YES;
				CLANG_WARN_OBJC_IMPLICIT_RETAIN_SELF = YES;
				CLANG_WARN_OBJC_LITERAL_CONVERSION = YES;
				CLANG_WARN_OBJC_ROOT_CLASS = YES_ERROR;
				CLANG_WARN_RANGE_LOOP_ANALYSIS = YES;
				CLANG_WARN_STRICT_PROTOTYPES = YES;
				CLANG_WARN_SUSPICIOUS_MOVE = YES;
				CLANG_WARN_UNGUARDED_AVAILABILITY = YES_AGGRESSIVE;
				CLANG_WARN_UNREACHABLE_CODE = YES;
				CLANG_WARN__DUPLICATE_METHOD_MATCH = YES;
				CODE_SIGN_IDENTITY = "iPhone Developer";
				COPY_PHASE_STRIP = NO;
				DEBUG_INFORMATION_FORMAT = dwarf;
				ENABLE_STRICT_OBJC_MSGSEND = YES;
				ENABLE_TESTABILITY = YES;
				GCC_C_LANGUAGE_STANDARD = gnu11;
				GCC_DYNAMIC_NO_PIC = NO;
				GCC_NO_COMMON_BLOCKS = YES;
				GCC_OPTIMIZATION_LEVEL = 0;
				GCC_PREPROCESSOR_DEFINITIONS = (
					"DEBUG=1",
					"$(inherited)",
				);
				GCC_WARN_64_TO_32_BIT_CONVERSION = YES;
				GCC_WARN_ABOUT_RETURN_TYPE = YES_ERROR;
				GCC_WARN_UNDECLARED_SELECTOR = YES;
				GCC_WARN_UNINITIALIZED_AUTOS = YES_AGGRESSIVE;
				GCC_WARN_UNUSED_FUNCTION = YES;
				GCC_WARN_UNUSED_VARIABLE = YES;
				IPHONEOS_DEPLOYMENT_TARGET = 12.0;
				MTL_ENABLE_DEBUG_INFO = INCLUDE_SOURCE;
				MTL_FAST_MATH = YES;
				ONLY_ACTIVE_ARCH = YES;
				SDKROOT = iphoneos;
				SWIFT_ACTIVE_COMPILATION_CONDITIONS = DEBUG;
				SWIFT_OPTIMIZATION_LEVEL = "-Onone";
			};
			name = Debug;
		};
		682A2DD721B6AF3A001C7D36 /* Release */ = {
			isa = XCBuildConfiguration;
			buildSettings = {
				ALWAYS_SEARCH_USER_PATHS = NO;
				CLANG_ANALYZER_NONNULL = YES;
				CLANG_ANALYZER_NUMBER_OBJECT_CONVERSION = YES_AGGRESSIVE;
				CLANG_CXX_LANGUAGE_STANDARD = "gnu++14";
				CLANG_CXX_LIBRARY = "libc++";
				CLANG_ENABLE_MODULES = YES;
				CLANG_ENABLE_OBJC_ARC = YES;
				CLANG_ENABLE_OBJC_WEAK = YES;
				CLANG_WARN_BLOCK_CAPTURE_AUTORELEASING = YES;
				CLANG_WARN_BOOL_CONVERSION = YES;
				CLANG_WARN_COMMA = YES;
				CLANG_WARN_CONSTANT_CONVERSION = YES;
				CLANG_WARN_DEPRECATED_OBJC_IMPLEMENTATIONS = YES;
				CLANG_WARN_DIRECT_OBJC_ISA_USAGE = YES_ERROR;
				CLANG_WARN_DOCUMENTATION_COMMENTS = YES;
				CLANG_WARN_EMPTY_BODY = YES;
				CLANG_WARN_ENUM_CONVERSION = YES;
				CLANG_WARN_INFINITE_RECURSION = YES;
				CLANG_WARN_INT_CONVERSION = YES;
				CLANG_WARN_NON_LITERAL_NULL_CONVERSION = YES;
				CLANG_WARN_OBJC_IMPLICIT_RETAIN_SELF = YES;
				CLANG_WARN_OBJC_LITERAL_CONVERSION = YES;
				CLANG_WARN_OBJC_ROOT_CLASS = YES_ERROR;
				CLANG_WARN_RANGE_LOOP_ANALYSIS = YES;
				CLANG_WARN_STRICT_PROTOTYPES = YES;
				CLANG_WARN_SUSPICIOUS_MOVE = YES;
				CLANG_WARN_UNGUARDED_AVAILABILITY = YES_AGGRESSIVE;
				CLANG_WARN_UNREACHABLE_CODE = YES;
				CLANG_WARN__DUPLICATE_METHOD_MATCH = YES;
				CODE_SIGN_IDENTITY = "iPhone Developer";
				COPY_PHASE_STRIP = NO;
				DEBUG_INFORMATION_FORMAT = "dwarf-with-dsym";
				ENABLE_NS_ASSERTIONS = NO;
				ENABLE_STRICT_OBJC_MSGSEND = YES;
				GCC_C_LANGUAGE_STANDARD = gnu11;
				GCC_NO_COMMON_BLOCKS = YES;
				GCC_WARN_64_TO_32_BIT_CONVERSION = YES;
				GCC_WARN_ABOUT_RETURN_TYPE = YES_ERROR;
				GCC_WARN_UNDECLARED_SELECTOR = YES;
				GCC_WARN_UNINITIALIZED_AUTOS = YES_AGGRESSIVE;
				GCC_WARN_UNUSED_FUNCTION = YES;
				GCC_WARN_UNUSED_VARIABLE = YES;
				IPHONEOS_DEPLOYMENT_TARGET = 12.0;
				MTL_ENABLE_DEBUG_INFO = NO;
				MTL_FAST_MATH = YES;
				SDKROOT = iphoneos;
				SWIFT_COMPILATION_MODE = wholemodule;
				SWIFT_OPTIMIZATION_LEVEL = "-O";
				VALIDATE_PRODUCT = YES;
			};
			name = Release;
		};
		682A2DD921B6AF3A001C7D36 /* Debug */ = {
			isa = XCBuildConfiguration;
			buildSettings = {
				ASSETCATALOG_COMPILER_APPICON_NAME = AppIcon;
				CODE_SIGN_STYLE = Automatic;
				DEVELOPMENT_TEAM = G7427U3PBF;
				INFOPLIST_FILE = "Wizely ios Task 1/Info.plist";
				LD_RUNPATH_SEARCH_PATHS = (
					"$(inherited)",
					"@executable_path/Frameworks",
				);
				PRODUCT_BUNDLE_IDENTIFIER = "com.sudeepasadevelopement.Wizely-ios-Task-1";
				PRODUCT_NAME = "$(TARGET_NAME)";
				SWIFT_VERSION = 4.2;
				TARGETED_DEVICE_FAMILY = "1,2";
			};
			name = Debug;
		};
		682A2DDA21B6AF3A001C7D36 /* Release */ = {
			isa = XCBuildConfiguration;
			buildSettings = {
				ASSETCATALOG_COMPILER_APPICON_NAME = AppIcon;
				CODE_SIGN_STYLE = Automatic;
				DEVELOPMENT_TEAM = G7427U3PBF;
				INFOPLIST_FILE = "Wizely ios Task 1/Info.plist";
				LD_RUNPATH_SEARCH_PATHS = (
					"$(inherited)",
					"@executable_path/Frameworks",
				);
				PRODUCT_BUNDLE_IDENTIFIER = "com.sudeepasadevelopement.Wizely-ios-Task-1";
				PRODUCT_NAME = "$(TARGET_NAME)";
				SWIFT_VERSION = 4.2;
				TARGETED_DEVICE_FAMILY = "1,2";
			};
			name = Release;
		};
		682A2DDC21B6AF3A001C7D36 /* Debug */ = {
			isa = XCBuildConfiguration;
			buildSettings = {
				ALWAYS_EMBED_SWIFT_STANDARD_LIBRARIES = YES;
				BUNDLE_LOADER = "$(TEST_HOST)";
				CODE_SIGN_STYLE = Automatic;
				DEVELOPMENT_TEAM = G7427U3PBF;
				INFOPLIST_FILE = "Wizely ios Task 1Tests/Info.plist";
				LD_RUNPATH_SEARCH_PATHS = (
					"$(inherited)",
					"@executable_path/Frameworks",
					"@loader_path/Frameworks",
				);
				PRODUCT_BUNDLE_IDENTIFIER = "com.sudeepasadevelopement.Wizely-ios-Task-1Tests";
				PRODUCT_NAME = "$(TARGET_NAME)";
				SWIFT_VERSION = 4.2;
				TARGETED_DEVICE_FAMILY = "1,2";
				TEST_HOST = "$(BUILT_PRODUCTS_DIR)/Wizely ios Task 1.app/Wizely ios Task 1";
			};
			name = Debug;
		};
		682A2DDD21B6AF3A001C7D36 /* Release */ = {
			isa = XCBuildConfiguration;
			buildSettings = {
				ALWAYS_EMBED_SWIFT_STANDARD_LIBRARIES = YES;
				BUNDLE_LOADER = "$(TEST_HOST)";
				CODE_SIGN_STYLE = Automatic;
				DEVELOPMENT_TEAM = G7427U3PBF;
				INFOPLIST_FILE = "Wizely ios Task 1Tests/Info.plist";
				LD_RUNPATH_SEARCH_PATHS = (
					"$(inherited)",
					"@executable_path/Frameworks",
					"@loader_path/Frameworks",
				);
				PRODUCT_BUNDLE_IDENTIFIER = "com.sudeepasadevelopement.Wizely-ios-Task-1Tests";
				PRODUCT_NAME = "$(TARGET_NAME)";
				SWIFT_VERSION = 4.2;
				TARGETED_DEVICE_FAMILY = "1,2";
				TEST_HOST = "$(BUILT_PRODUCTS_DIR)/Wizely ios Task 1.app/Wizely ios Task 1";
			};
			name = Release;
		};
		682A2DDF21B6AF3A001C7D36 /* Debug */ = {
			isa = XCBuildConfiguration;
			buildSettings = {
				ALWAYS_EMBED_SWIFT_STANDARD_LIBRARIES = YES;
				CODE_SIGN_STYLE = Automatic;
				DEVELOPMENT_TEAM = G7427U3PBF;
				INFOPLIST_FILE = "Wizely ios Task 1UITests/Info.plist";
				LD_RUNPATH_SEARCH_PATHS = (
					"$(inherited)",
					"@executable_path/Frameworks",
					"@loader_path/Frameworks",
				);
				PRODUCT_BUNDLE_IDENTIFIER = "com.sudeepasadevelopement.Wizely-ios-Task-1UITests";
				PRODUCT_NAME = "$(TARGET_NAME)";
				SWIFT_VERSION = 4.2;
				TARGETED_DEVICE_FAMILY = "1,2";
				TEST_TARGET_NAME = "Wizely ios Task 1";
			};
			name = Debug;
		};
		682A2DE021B6AF3A001C7D36 /* Release */ = {
			isa = XCBuildConfiguration;
			buildSettings = {
				ALWAYS_EMBED_SWIFT_STANDARD_LIBRARIES = YES;
				CODE_SIGN_STYLE = Automatic;
				DEVELOPMENT_TEAM = G7427U3PBF;
				INFOPLIST_FILE = "Wizely ios Task 1UITests/Info.plist";
				LD_RUNPATH_SEARCH_PATHS = (
					"$(inherited)",
					"@executable_path/Frameworks",
					"@loader_path/Frameworks",
				);
				PRODUCT_BUNDLE_IDENTIFIER = "com.sudeepasadevelopement.Wizely-ios-Task-1UITests";
				PRODUCT_NAME = "$(TARGET_NAME)";
				SWIFT_VERSION = 4.2;
				TARGETED_DEVICE_FAMILY = "1,2";
				TEST_TARGET_NAME = "Wizely ios Task 1";
			};
			name = Release;
		};
/* End XCBuildConfiguration section */

/* Begin XCConfigurationList section */
		682A2DAB21B6AF38001C7D36 /* Build configuration list for PBXProject "Wizely ios Task 1" */ = {
			isa = XCConfigurationList;
			buildConfigurations = (
				682A2DD621B6AF3A001C7D36 /* Debug */,
				682A2DD721B6AF3A001C7D36 /* Release */,
			);
			defaultConfigurationIsVisible = 0;
			defaultConfigurationName = Release;
		};
		682A2DD821B6AF3A001C7D36 /* Build configuration list for PBXNativeTarget "Wizely ios Task 1" */ = {
			isa = XCConfigurationList;
			buildConfigurations = (
				682A2DD921B6AF3A001C7D36 /* Debug */,
				682A2DDA21B6AF3A001C7D36 /* Release */,
			);
			defaultConfigurationIsVisible = 0;
			defaultConfigurationName = Release;
		};
		682A2DDB21B6AF3A001C7D36 /* Build configuration list for PBXNativeTarget "Wizely ios Task 1Tests" */ = {
			isa = XCConfigurationList;
			buildConfigurations = (
				682A2DDC21B6AF3A001C7D36 /* Debug */,
				682A2DDD21B6AF3A001C7D36 /* Release */,
			);
			defaultConfigurationIsVisible = 0;
			defaultConfigurationName = Release;
		};
		682A2DDE21B6AF3A001C7D36 /* Build configuration list for PBXNativeTarget "Wizely ios Task 1UITests" */ = {
			isa = XCConfigurationList;
			buildConfigurations = (
				682A2DDF21B6AF3A001C7D36 /* Debug */,
				682A2DE021B6AF3A001C7D36 /* Release */,
			);
			defaultConfigurationIsVisible = 0;
			defaultConfigurationName = Release;
		};
/* End XCConfigurationList section */
	};
	rootObject = 682A2DA821B6AF38001C7D36 /* Project object */;
}
